
Microsoft Visual Studio Solution File, Format Version 12.00
# Visual Studio Version 16
VisualStudioVersion = 16.0.31624.102
MinimumVisualStudioVersion = 10.0.40219.1
Project("{9A19103F-16F7-4668-BE54-9A1E7A4F7556}") = "1-CriandoVariaveis", "1-CriandoVariaveis\1-CriandoVariaveis.csproj", "{00C9C49F-778D-407E-811B-72CB61D0DF5F}"
EndProject
Project("{9A19103F-16F7-4668-BE54-9A1E7A4F7556}") = "2-CriandoPontoFlutuante", "2-CriandoPontoFlutuante\2-CriandoPontoFlutuante.csproj", "{A753EA38-178D-4D53-B237-0A7716F8440F}"
EndProject
Project("{9A19103F-16F7-4668-BE54-9A1E7A4F7556}") = "3-ConversoesEOutrosTiposNumericos", "3-ConversoesEOutrosTiposNumericos\3-ConversoesEOutrosTiposNumericos.csproj", "{6598B56C-9ED8-43DA-8EF6-3EE1462C4E13}"
EndProject
Project("{9A19103F-16F7-4668-BE54-9A1E7A4F7556}") = "5-AtribuicoesDeVariaveis", "5-AtribuicoesDeVariaveis\5-AtribuicoesDeVariaveis.csproj", "{F28DB216-5127-4C19-9A9A-65AB010C9A1B}"
EndProject
Project("{9A19103F-16F7-4668-BE54-9A1E7A4F7556}") = "6-Condicionais", "6-Condicionais\6-Condicionais.csproj", "{524927BE-1836-490B-9C21-7537079CA937}"
EndProject
Project("{9A19103F-16F7-4668-BE54-9A1E7A4F7556}") = "7-Condicionais_2", "7-Condicionais_2\7-Condicionais_2.csproj", "{761A8387-8D46-4E1C-BDB2-32C2669583AD}"
EndProject
Project("{9A19103F-16F7-4668-BE54-9A1E7A4F7556}") = "8-Escopo", "8-Escopo\8-Escopo.csproj", "{1AA6B817-A52D-4B65-92A9-DC8D2C5BD893}"
EndProject
Project("{9A19103F-16F7-4668-BE54-9A1E7A4F7556}") = "P9-CalculaPoupanca", "P9-CalculaPoupanca\P9-CalculaPoupanca.csproj", "{5234275F-830A-42B4-B8C2-47134018D207}"
EndProject
Project("{9A19103F-16F7-4668-BE54-9A1E7A4F7556}") = "Q10-CalculaPoupanca2", "Q10-CalculaPoupanca2\Q10-CalculaPoupanca2.csproj", "{4DC5C054-0698-4233-B331-1CAA02B42991}"
EndProject
Project("{9A19103F-16F7-4668-BE54-9A1E7A4F7556}") = "Q11-CalculaInvestimentoLongoPrazo", "Q11-CalculaInvestimentoLongoPrazo\Q11-CalculaInvestimentoLongoPrazo.csproj", "{1FB90A6E-097F-49BF-BF56-0CAB2B353CB9}"
EndProject
Project("{9A19103F-16F7-4668-BE54-9A1E7A4F7556}") = "4-CaracteresETextos", "4-CaracteresETextos\4-CaracteresETextos.csproj", "{78E17297-6EDD-44BC-8BC3-74219DB4874A}"
EndProject
Project("{FAE04EC0-301F-11D3-BF4B-00C04F79EFBC}") = "Q12-ForEncadeado", "Q12-ForEncadeado\Q12-ForEncadeado.csproj", "{868C9DC3-7511-406C-AB3A-C91E3835FD17}"
EndProject
Global
	GlobalSection(SolutionConfigurationPlatforms) = preSolution
		Debug|Any CPU = Debug|Any CPU
		Release|Any CPU = Release|Any CPU
	EndGlobalSection
	GlobalSection(ProjectConfigurationPlatforms) = postSolution
		{00C9C49F-778D-407E-811B-72CB61D0DF5F}.Debug|Any CPU.ActiveCfg = Debug|Any CPU
		{00C9C49F-778D-407E-811B-72CB61D0DF5F}.Debug|Any CPU.Build.0 = Debug|Any CPU
		{00C9C49F-778D-407E-811B-72CB61D0DF5F}.Release|Any CPU.ActiveCfg = Release|Any CPU
		{00C9C49F-778D-407E-811B-72CB61D0DF5F}.Release|Any CPU.Build.0 = Release|Any CPU
		{A753EA38-178D-4D53-B237-0A7716F8440F}.Debug|Any CPU.ActiveCfg = Debug|Any CPU
		{A753EA38-178D-4D53-B237-0A7716F8440F}.Debug|Any CPU.Build.0 = Debug|Any CPU
		{A753EA38-178D-4D53-B237-0A7716F8440F}.Release|Any CPU.ActiveCfg = Release|Any CPU
		{A753EA38-178D-4D53-B237-0A7716F8440F}.Release|Any CPU.Build.0 = Release|Any CPU
		{6598B56C-9ED8-43DA-8EF6-3EE1462C4E13}.Debug|Any CPU.ActiveCfg = Debug|Any CPU
		{6598B56C-9ED8-43DA-8EF6-3EE1462C4E13}.Debug|Any CPU.Build.0 = Debug|Any CPU
		{6598B56C-9ED8-43DA-8EF6-3EE1462C4E13}.Release|Any CPU.ActiveCfg = Release|Any CPU
		{6598B56C-9ED8-43DA-8EF6-3EE1462C4E13}.Release|Any CPU.Build.0 = Release|Any CPU
		{F28DB216-5127-4C19-9A9A-65AB010C9A1B}.Debug|Any CPU.ActiveCfg = Debug|Any CPU
		{F28DB216-5127-4C19-9A9A-65AB010C9A1B}.Debug|Any CPU.Build.0 = Debug|Any CPU
		{F28DB216-5127-4C19-9A9A-65AB010C9A1B}.Release|Any CPU.ActiveCfg = Release|Any CPU
		{F28DB216-5127-4C19-9A9A-65AB010C9A1B}.Release|Any CPU.Build.0 = Release|Any CPU
		{524927BE-1836-490B-9C21-7537079CA937}.Debug|Any CPU.ActiveCfg = Debug|Any CPU
		{524927BE-1836-490B-9C21-7537079CA937}.Debug|Any CPU.Build.0 = Debug|Any CPU
		{524927BE-1836-490B-9C21-7537079CA937}.Release|Any CPU.ActiveCfg = Release|Any CPU
		{524927BE-1836-490B-9C21-7537079CA937}.Release|Any CPU.Build.0 = Release|Any CPU
		{761A8387-8D46-4E1C-BDB2-32C2669583AD}.Debug|Any CPU.ActiveCfg = Debug|Any CPU
		{761A8387-8D46-4E1C-BDB2-32C2669583AD}.Debug|Any CPU.Build.0 = Debug|Any CPU
		{761A8387-8D46-4E1C-BDB2-32C2669583AD}.Release|Any CPU.ActiveCfg = Release|Any CPU
		{761A8387-8D46-4E1C-BDB2-32C2669583AD}.Release|Any CPU.Build.0 = Release|Any CPU
		{1AA6B817-A52D-4B65-92A9-DC8D2C5BD893}.Debug|Any CPU.ActiveCfg = Debug|Any CPU
		{1AA6B817-A52D-4B65-92A9-DC8D2C5BD893}.Debug|Any CPU.Build.0 = Debug|Any CPU
		{1AA6B817-A52D-4B65-92A9-DC8D2C5BD893}.Release|Any CPU.ActiveCfg = Release|Any CPU
		{1AA6B817-A52D-4B65-92A9-DC8D2C5BD893}.Release|Any CPU.Build.0 = Release|Any CPU
		{5234275F-830A-42B4-B8C2-47134018D207}.Debug|Any CPU.ActiveCfg = Debug|Any CPU
		{5234275F-830A-42B4-B8C2-47134018D207}.Debug|Any CPU.Build.0 = Debug|Any CPU
		{5234275F-830A-42B4-B8C2-47134018D207}.Release|Any CPU.ActiveCfg = Release|Any CPU
		{5234275F-830A-42B4-B8C2-47134018D207}.Release|Any CPU.Build.0 = Release|Any CPU
		{4DC5C054-0698-4233-B331-1CAA02B42991}.Debug|Any CPU.ActiveCfg = Debug|Any CPU
		{4DC5C054-0698-4233-B331-1CAA02B42991}.Debug|Any CPU.Build.0 = Debug|Any CPU
		{4DC5C054-0698-4233-B331-1CAA02B42991}.Release|Any CPU.ActiveCfg = Release|Any CPU
		{4DC5C054-0698-4233-B331-1CAA02B42991}.Release|Any CPU.Build.0 = Release|Any CPU
		{1FB90A6E-097F-49BF-BF56-0CAB2B353CB9}.Debug|Any CPU.ActiveCfg = Debug|Any CPU
		{1FB90A6E-097F-49BF-BF56-0CAB2B353CB9}.Debug|Any CPU.Build.0 = Debug|Any CPU
		{1FB90A6E-097F-49BF-BF56-0CAB2B353CB9}.Release|Any CPU.ActiveCfg = Release|Any CPU
		{1FB90A6E-097F-49BF-BF56-0CAB2B353CB9}.Release|Any CPU.Build.0 = Release|Any CPU
		{78E17297-6EDD-44BC-8BC3-74219DB4874A}.Debug|Any CPU.ActiveCfg = Debug|Any CPU
		{78E17297-6EDD-44BC-8BC3-74219DB4874A}.Debug|Any CPU.Build.0 = Debug|Any CPU
		{78E17297-6EDD-44BC-8BC3-74219DB4874A}.Release|Any CPU.ActiveCfg = Release|Any CPU
		{78E17297-6EDD-44BC-8BC3-74219DB4874A}.Release|Any CPU.Build.0 = Release|Any CPU
		{868C9DC3-7511-406C-AB3A-C91E3835FD17}.Debug|Any CPU.ActiveCfg = Debug|Any CPU
		{868C9DC3-7511-406C-AB3A-C91E3835FD17}.Debug|Any CPU.Build.0 = Debug|Any CPU
		{868C9DC3-7511-406C-AB3A-C91E3835FD17}.Release|Any CPU.ActiveCfg = Release|Any CPU
		{868C9DC3-7511-406C-AB3A-C91E3835FD17}.Release|Any CPU.Build.0 = Release|Any CPU
	EndGlobalSection
	GlobalSection(SolutionProperties) = preSolution
		HideSolutionNode = FALSE
	EndGlobalSection
	GlobalSection(ExtensibilityGlobals) = postSolution
		SolutionGuid = {316AA179-7393-41EE-A1F9-4E08FA4B4A51}
	EndGlobalSection
EndGlobal
